
using System;
using System.Windows.Forms;

namespace MdiApplication
{
    public partial class ParentForm : Form
    {
        int openDocuments = 0;

        public ParentForm()
        {
            InitializeComponent();
            spData.Text = Convert.ToString(System.DateTime.Today.ToLongDateString());
        }

        private void toolStrip1_ItemClicked(object sender, ToolStripItemClickedEventArgs e)
        {
            switch (e.ClickedItem.Tag.ToString())
            {
                case "NewDoc":
                    ChildForm newChild = new ChildForm();
                    newChild.MdiParent = this;
                    newChild.Show();
                    newChild.Text = "Документ " + ++openDocuments;
                    break;
                case "Cascade":
                    this.LayoutMdi(MdiLayout.Cascade);
                    spWin.Text = "Windows is cascade";
                    break;
                case "Title":
                    this.LayoutMdi(MdiLayout.TileHorizontal);
                    spWin.Text = "Windows is horizontal";
                    break;
            }
        }
    }
}
